
Microsoft Visual Studio Solution File, Format Version 12.00
# Visual Studio Version 17
VisualStudioVersion = 17.7.34031.279
MinimumVisualStudioVersion = 10.0.40219.1
Project("{8BC9CEB8-8B4A-11D0-8D11-00A0C91BC942}") = "snake-game-with-raylib", "snake-game-with-raylib.vcxproj", "{02018E80-41B3-46F5-8836-C4E1CEB371D1}"
EndProject
Global
	GlobalSection(SolutionConfigurationPlatforms) = preSolution
		Debug|x64 = Debug|x64
		Debug|x86 = Debug|x86
		Release|x64 = Release|x64
		Release|x86 = Release|x86
	EndGlobalSection
	GlobalSection(ProjectConfigurationPlatforms) = postSolution
		{02018E80-41B3-46F5-8836-C4E1CEB371D1}.Debug|x64.ActiveCfg = Debug|x64
		{02018E80-41B3-46F5-8836-C4E1CEB371D1}.Debug|x64.Build.0 = Debug|x64
		{02018E80-41B3-46F5-8836-C4E1CEB371D1}.Debug|x86.ActiveCfg = Debug|Win32
		{02018E80-41B3-46F5-8836-C4E1CEB371D1}.Debug|x86.Build.0 = Debug|Win32
		{02018E80-41B3-46F5-8836-C4E1CEB371D1}.Release|x64.ActiveCfg = Release|x64
		{02018E80-41B3-46F5-8836-C4E1CEB371D1}.Release|x64.Build.0 = Release|x64
		{02018E80-41B3-46F5-8836-C4E1CEB371D1}.Release|x86.ActiveCfg = Release|Win32
		{02018E80-41B3-46F5-8836-C4E1CEB371D1}.Release|x86.Build.0 = Release|Win32
	EndGlobalSection
	GlobalSection(SolutionProperties) = preSolution
		HideSolutionNode = FALSE
	EndGlobalSection
	GlobalSection(ExtensibilityGlobals) = postSolution
		SolutionGuid = {7F9B68C3-0A6B-4271-AA6E-FAABE7976BC5}
	EndGlobalSection
EndGlobal
